
Microsoft Visual Studio Solution File, Format Version 12.00
# Visual Studio Version 17
VisualStudioVersion = 17.4.33403.182
MinimumVisualStudioVersion = 10.0.40219.1
Project("{FAE04EC0-301F-11D3-BF4B-00C04F79EFBC}") = "ApiMeteo", "ApiMeteo.csproj", "{BECDEFA6-3E11-470D-B6D1-263FF7875F41}"
EndProject
Global
	GlobalSection(SolutionConfigurationPlatforms) = preSolution
		Debug|Any CPU = Debug|Any CPU
		Release|Any CPU = Release|Any CPU
	EndGlobalSection
	GlobalSection(ProjectConfigurationPlatforms) = postSolution
		{BECDEFA6-3E11-470D-B6D1-263FF7875F41}.Debug|Any CPU.ActiveCfg = Debug|Any CPU
		{BECDEFA6-3E11-470D-B6D1-263FF7875F41}.Debug|Any CPU.Build.0 = Debug|Any CPU
		{BECDEFA6-3E11-470D-B6D1-263FF7875F41}.Release|Any CPU.ActiveCfg = Release|Any CPU
		{BECDEFA6-3E11-470D-B6D1-263FF7875F41}.Release|Any CPU.Build.0 = Release|Any CPU
	EndGlobalSection
	GlobalSection(SolutionProperties) = preSolution
		HideSolutionNode = FALSE
	EndGlobalSection
	GlobalSection(ExtensibilityGlobals) = postSolution
		SolutionGuid = {49099802-4C74-4618-B1C9-4FD18F3FC835}
	EndGlobalSection
EndGlobal
